// !$*UTF8*$!
{
	archiveVersion = 1;
	classes = {
	};
	objectVersion = 46;
	objects = {

/* Begin PBXBuildFile section */
		DA12B1CA1B737AD80069498F /* main.m in Sources */ = {isa = PBXBuildFile; fileRef = DA12B1C91B737AD80069498F /* main.m */; };
		DA12B1CD1B737AD80069498F /* AppDelegate.m in Sources */ = {isa = PBXBuildFile; fileRef = DA12B1CC1B737AD80069498F /* AppDelegate.m */; };
		DA12B1D01B737AD80069498F /* ViewController.m in Sources */ = {isa = PBXBuildFile; fileRef = DA12B1CF1B737AD80069498F /* ViewController.m */; };
		DA12B1D31B737AD80069498F /* Main.storyboard in Resources */ = {isa = PBXBuildFile; fileRef = DA12B1D11B737AD80069498F /* Main.storyboard */; };
		DA12B1D51B737AD80069498F /* Images.xcassets in Resources */ = {isa = PBXBuildFile; fileRef = DA12B1D41B737AD80069498F /* Images.xcassets */; };
		DA12B1D81B737AD80069498F /* LaunchScreen.xib in Resources */ = {isa = PBXBuildFile; fileRef = DA12B1D61B737AD80069498F /* LaunchScreen.xib */; };
		DA12B1E41B737AD90069498F /* YXIOSDataDemoTests.m in Sources */ = {isa = PBXBuildFile; fileRef = DA12B1E31B737AD90069498F /* YXIOSDataDemoTests.m */; };
/* End PBXBuildFile section */

/* Begin PBXContainerItemProxy section */
		DA12B1DE1B737AD90069498F /* PBXContainerItemProxy */ = {
			isa = PBXContainerItemProxy;
			containerPortal = DA12B1BC1B737AD80069498F /* Project object */;
			proxyType = 1;
			remoteGlobalIDString = DA12B1C31B737AD80069498F;
			remoteInfo = YXIOSDataDemo;
		};
/* End PBXContainerItemProxy section */

/* Begin PBXFileReference section */
		DA12B1C41B737AD80069498F /* YXIOSDataDemo.app */ = {isa = PBXFileReference; explicitFileType = wrapper.application; includeInIndex = 0; path = YXIOSDataDemo.app; sourceTree = BUILT_PRODUCTS_DIR; };
		DA12B1C81B737AD80069498F /* Info.plist */ = {isa = PBXFileReference; lastKnownFileType = text.plist.xml; path = Info.plist; sourceTree = "<group>"; };
		DA12B1C91B737AD80069498F /* main.m */ = {isa = PBXFileReference; lastKnownFileType = sourcecode.c.objc; path = main.m; sourceTree = "<group>"; };
		DA12B1CB1B737AD80069498F /* AppDelegate.h */ = {isa = PBXFileReference; lastKnownFileType = sourcecode.c.h; path = AppDelegate.h; sourceTree = "<group>"; };
		DA12B1CC1B737AD80069498F /* AppDelegate.m */ = {isa = PBXFileReference; lastKnownFileType = sourcecode.c.objc; path = AppDelegate.m; sourceTree = "<group>"; };
		DA12B1CE1B737AD80069498F /* ViewController.h */ = {isa = PBXFileReference; lastKnownFileType = sourcecode.c.h; path = ViewController.h; sourceTree = "<group>"; };
		DA12B1CF1B737AD80069498F /* ViewController.m */ = {isa = PBXFileReference; lastKnownFileType = sourcecode.c.objc; path = ViewController.m; sourceTree = "<group>"; };
		DA12B1D21B737AD80069498F /* Base */ = {isa = PBXFileReference; lastKnownFileType = file.storyboard; name = Base; path = Base.lproj/Main.storyboard; sourceTree = "<group>"; };
		DA12B1D41B737AD80069498F /* Images.xcassets */ = {isa = PBXFileReference; lastKnownFileType = folder.assetcatalog; path = Images.xcassets; sourceTree = "<group>"; };
		DA12B1D71B737AD80069498F /* Base */ = {isa = PBXFileReference; lastKnownFileType = file.xib; name = Base; path = Base.lproj/LaunchScreen.xib; sourceTree = "<group>"; };
		DA12B1DD1B737AD90069498F /* YXIOSDataDemoTests.xctest */ = {isa = PBXFileReference; explicitFileType = wrapper.cfbundle; includeInIndex = 0; path = YXIOSDataDemoTests.xctest; sourceTree = BUILT_PRODUCTS_DIR; };
		DA12B1E21B737AD90069498F /* Info.plist */ = {isa = PBXFileReference; lastKnownFileType = text.plist.xml; path = Info.plist; sourceTree = "<group>"; };
		DA12B1E31B737AD90069498F /* YXIOSDataDemoTests.m */ = {isa = PBXFileReference; lastKnownFileType = sourcecode.c.objc; path = YXIOSDataDemoTests.m; sourceTree = "<group>"; };
/* End PBXFileReference section */

/* Begin PBXFrameworksBuildPhase section */
		DA12B1C11B737AD80069498F /* Frameworks */ = {
			isa = PBXFrameworksBuildPhase;
			buildActionMask = 2147483647;
			files = (
			);
			runOnlyForDeploymentPostprocessing = 0;
		};
		DA12B1DA1B737AD90069498F /* Frameworks */ = {
			isa = PBXFrameworksBuildPhase;
			buildActionMask = 2147483647;
			files = (
			);
			runOnlyForDeploymentPostprocessing = 0;
		};
/* End PBXFrameworksBuildPhase section */

/* Begin PBXGroup section */
		DA12B1BB1B737AD80069498F = {
			isa = PBXGroup;
			children = (
				DA12B1C61B737AD80069498F /* YXIOSDataDemo */,
				DA12B1E01B737AD90069498F /* YXIOSDataDemoTests */,
				DA12B1C51B737AD80069498F /* Products */,
			);
			sourceTree = "<group>";
		};
		DA12B1C51B737AD80069498F /* Products */ = {
			isa = PBXGroup;
			children = (
				DA12B1C41B737AD80069498F /* YXIOSDataDemo.app */,
				DA12B1DD1B737AD90069498F /* YXIOSDataDemoTests.xctest */,
			);
			name = Products;
			sourceTree = "<group>";
		};
		DA12B1C61B737AD80069498F /* YXIOSDataDemo */ = {
			isa = PBXGroup;
			children = (
				DA12B1CB1B737AD80069498F /* AppDelegate.h */,
				DA12B1CC1B737AD80069498F /* AppDelegate.m */,
				DA12B1CE1B737AD80069498F /* ViewController.h */,
				DA12B1CF1B737AD80069498F /* ViewController.m */,
				DA12B1D11B737AD80069498F /* Main.storyboard */,
				DA12B1D41B737AD80069498F /* Images.xcassets */,
				DA12B1D61B737AD80069498F /* LaunchScreen.xib */,
				DA12B1C71B737AD80069498F /* Supporting Files */,
			);
			path = YXIOSDataDemo;
			sourceTree = "<group>";
		};
		DA12B1C71B737AD80069498F /* Supporting Files */ = {
			isa = PBXGroup;
			children = (
				DA12B1C81B737AD80069498F /* Info.plist */,
				DA12B1C91B737AD80069498F /* main.m */,
			);
			name = "Supporting Files";
			sourceTree = "<group>";
		};
		DA12B1E01B737AD90069498F /* YXIOSDataDemoTests */ = {
			isa = PBXGroup;
			children = (
				DA12B1E31B737AD90069498F /* YXIOSDataDemoTests.m */,
				DA12B1E11B737AD90069498F /* Supporting Files */,
			);
			path = YXIOSDataDemoTests;
			sourceTree = "<group>";
		};
		DA12B1E11B737AD90069498F /* Supporting Files */ = {
			isa = PBXGroup;
			children = (
				DA12B1E21B737AD90069498F /* Info.plist */,
			);
			name = "Supporting Files";
			sourceTree = "<group>";
		};
/* End PBXGroup section */

/* Begin PBXNativeTarget section */
		DA12B1C31B737AD80069498F /* YXIOSDataDemo */ = {
			isa = PBXNativeTarget;
			buildConfigurationList = DA12B1E71B737AD90069498F /* Build configuration list for PBXNativeTarget "YXIOSDataDemo" */;
			buildPhases = (
				DA12B1C01B737AD80069498F /* Sources */,
				DA12B1C11B737AD80069498F /* Frameworks */,
				DA12B1C21B737AD80069498F /* Resources */,
			);
			buildRules = (
			);
			dependencies = (
			);
			name = YXIOSDataDemo;
			productName = YXIOSDataDemo;
			productReference = DA12B1C41B737AD80069498F /* YXIOSDataDemo.app */;
			productType = "com.apple.product-type.application";
		};
		DA12B1DC1B737AD90069498F /* YXIOSDataDemoTests */ = {
			isa = PBXNativeTarget;
			buildConfigurationList = DA12B1EA1B737AD90069498F /* Build configuration list for PBXNativeTarget "YXIOSDataDemoTests" */;
			buildPhases = (
				DA12B1D91B737AD90069498F /* Sources */,
				DA12B1DA1B737AD90069498F /* Frameworks */,
				DA12B1DB1B737AD90069498F /* Resources */,
			);
			buildRules = (
			);
			dependencies = (
				DA12B1DF1B737AD90069498F /* PBXTargetDependency */,
			);
			name = YXIOSDataDemoTests;
			productName = YXIOSDataDemoTests;
			productReference = DA12B1DD1B737AD90069498F /* YXIOSDataDemoTests.xctest */;
			productType = "com.apple.product-type.bundle.unit-test";
		};
/* End PBXNativeTarget section */

/* Begin PBXProject section */
		DA12B1BC1B737AD80069498F /* Project object */ = {
			isa = PBXProject;
			attributes = {
				LastUpgradeCheck = 0630;
				ORGANIZATIONNAME = yixiang;
				TargetAttributes = {
					DA12B1C31B737AD80069498F = {
						CreatedOnToolsVersion = 6.3.2;
					};
					DA12B1DC1B737AD90069498F = {
						CreatedOnToolsVersion = 6.3.2;
						TestTargetID = DA12B1C31B737AD80069498F;
					};
				};
			};
			buildConfigurationList = DA12B1BF1B737AD80069498F /* Build configuration list for PBXProject "YXIOSDataDemo" */;
			compatibilityVersion = "Xcode 3.2";
			developmentRegion = English;
			hasScannedForEncodings = 0;
			knownRegions = (
				en,
				Base,
			);
			mainGroup = DA12B1BB1B737AD80069498F;
			productRefGroup = DA12B1C51B737AD80069498F /* Products */;
			projectDirPath = "";
			projectRoot = "";
			targets = (
				DA12B1C31B737AD80069498F /* YXIOSDataDemo */,
				DA12B1DC1B737AD90069498F /* YXIOSDataDemoTests */,
			);
		};
/* End PBXProject section */

/* Begin PBXResourcesBuildPhase section */
		DA12B1C21B737AD80069498F /* Resources */ = {
			isa = PBXResourcesBuildPhase;
			buildActionMask = 2147483647;
			files = (
				DA12B1D31B737AD80069498F /* Main.storyboard in Resources */,
				DA12B1D81B737AD80069498F /* LaunchScreen.xib in Resources */,
				DA12B1D51B737AD80069498F /* Images.xcassets in Resources */,
			);
			runOnlyForDeploymentPostprocessing = 0;
		};
		DA12B1DB1B737AD90069498F /* Resources */ = {
			isa = PBXResourcesBuildPhase;
			buildActionMask = 2147483647;
			files = (
			);
			runOnlyForDeploymentPostprocessing = 0;
		};
/* End PBXResourcesBuildPhase section */

/* Begin PBXSourcesBuildPhase section */
		DA12B1C01B737AD80069498F /* Sources */ = {
			isa = PBXSourcesBuildPhase;
			buildActionMask = 2147483647;
			files = (
				DA12B1D01B737AD80069498F /* ViewController.m in Sources */,
				DA12B1CD1B737AD80069498F /* AppDelegate.m in Sources */,
				DA12B1CA1B737AD80069498F /* main.m in Sources */,
			);
			runOnlyForDeploymentPostprocessing = 0;
		};
		DA12B1D91B737AD90069498F /* Sources */ = {
			isa = PBXSourcesBuildPhase;
			buildActionMask = 2147483647;
			files = (
				DA12B1E41B737AD90069498F /* YXIOSDataDemoTests.m in Sources */,
			);
			runOnlyForDeploymentPostprocessing = 0;
		};
/* End PBXSourcesBuildPhase section */

/* Begin PBXTargetDependency section */
		DA12B1DF1B737AD90069498F /* PBXTargetDependency */ = {
			isa = PBXTargetDependency;
			target = DA12B1C31B737AD80069498F /* YXIOSDataDemo */;
			targetProxy = DA12B1DE1B737AD90069498F /* PBXContainerItemProxy */;
		};
/* End PBXTargetDependency section */

/* Begin PBXVariantGroup section */
		DA12B1D11B737AD80069498F /* Main.storyboard */ = {
			isa = PBXVariantGroup;
			children = (
				DA12B1D21B737AD80069498F /* Base */,
			);
			name = Main.storyboard;
			sourceTree = "<group>";
		};
		DA12B1D61B737AD80069498F /* LaunchScreen.xib */ = {
			isa = PBXVariantGroup;
			children = (
				DA12B1D71B737AD80069498F /* Base */,
			);
			name = LaunchScreen.xib;
			sourceTree = "<group>";
		};
/* End PBXVariantGroup section */

/* Begin XCBuildConfiguration section */
		DA12B1E51B737AD90069498F /* Debug */ = {
			isa = XCBuildConfiguration;
			buildSettings = {
				ALWAYS_SEARCH_USER_PATHS = NO;
				CLANG_CXX_LANGUAGE_STANDARD = "gnu++0x";
				CLANG_CXX_LIBRARY = "libc++";
				CLANG_ENABLE_MODULES = YES;
				CLANG_ENABLE_OBJC_ARC = YES;
				CLANG_WARN_BOOL_CONVERSION = YES;
				CLANG_WARN_CONSTANT_CONVERSION = YES;
				CLANG_WARN_DIRECT_OBJC_ISA_USAGE = YES_ERROR;
				CLANG_WARN_EMPTY_BODY = YES;
				CLANG_WARN_ENUM_CONVERSION = YES;
				CLANG_WARN_INT_CONVERSION = YES;
				CLANG_WARN_OBJC_ROOT_CLASS = YES_ERROR;
				CLANG_WARN_UNREACHABLE_CODE = YES;
				CLANG_WARN__DUPLICATE_METHOD_MATCH = YES;
				"CODE_SIGN_IDENTITY[sdk=iphoneos*]" = "iPhone Developer";
				COPY_PHASE_STRIP = NO;
				DEBUG_INFORMATION_FORMAT = "dwarf-with-dsym";
				ENABLE_STRICT_OBJC_MSGSEND = YES;
				GCC_C_LANGUAGE_STANDARD = gnu99;
				GCC_DYNAMIC_NO_PIC = NO;
				GCC_NO_COMMON_BLOCKS = YES;
				GCC_OPTIMIZATION_LEVEL = 0;
				GCC_PREPROCESSOR_DEFINITIONS = (
					"DEBUG=1",
					"$(inherited)",
				);
				GCC_SYMBOLS_PRIVATE_EXTERN = NO;
				GCC_WARN_64_TO_32_BIT_CONVERSION = YES;
				GCC_WARN_ABOUT_RETURN_TYPE = YES_ERROR;
				GCC_WARN_UNDECLARED_SELECTOR = YES;
				GCC_WARN_UNINITIALIZED_AUTOS = YES_AGGRESSIVE;
				GCC_WARN_UNUSED_FUNCTION = YES;
				GCC_WARN_UNUSED_VARIABLE = YES;
				IPHONEOS_DEPLOYMENT_TARGET = 8.3;
				MTL_ENABLE_DEBUG_INFO = YES;
				ONLY_ACTIVE_ARCH = YES;
				SDKROOT = iphoneos;
			};
			name = Debug;
		};
		DA12B1E61B737AD90069498F /* Release */ = {
			isa = XCBuildConfiguration;
			buildSettings = {
				ALWAYS_SEARCH_USER_PATHS = NO;
				CLANG_CXX_LANGUAGE_STANDARD = "gnu++0x";
				CLANG_CXX_LIBRARY = "libc++";
				CLANG_ENABLE_MODULES = YES;
				CLANG_ENABLE_OBJC_ARC = YES;
				CLANG_WARN_BOOL_CONVERSION = YES;
				CLANG_WARN_CONSTANT_CONVERSION = YES;
				CLANG_WARN_DIRECT_OBJC_ISA_USAGE = YES_ERROR;
				CLANG_WARN_EMPTY_BODY = YES;
				CLANG_WARN_ENUM_CONVERSION = YES;
				CLANG_WARN_INT_CONVERSION = YES;
				CLANG_WARN_OBJC_ROOT_CLASS = YES_ERROR;
				CLANG_WARN_UNREACHABLE_CODE = YES;
				CLANG_WARN__DUPLICATE_METHOD_MATCH = YES;
				"CODE_SIGN_IDENTITY[sdk=iphoneos*]" = "iPhone Developer";
				COPY_PHASE_STRIP = NO;
				DEBUG_INFORMATION_FORMAT = "dwarf-with-dsym";
				ENABLE_NS_ASSERTIONS = NO;
				ENABLE_STRICT_OBJC_MSGSEND = YES;
				GCC_C_LANGUAGE_STANDARD = gnu99;
				GCC_NO_COMMON_BLOCKS = YES;
				GCC_WARN_64_TO_32_BIT_CONVERSION = YES;
				GCC_WARN_ABOUT_RETURN_TYPE = YES_ERROR;
				GCC_WARN_UNDECLARED_SELECTOR = YES;
				GCC_WARN_UNINITIALIZED_AUTOS = YES_AGGRESSIVE;
				GCC_WARN_UNUSED_FUNCTION = YES;
				GCC_WARN_UNUSED_VARIABLE = YES;
				IPHONEOS_DEPLOYMENT_TARGET = 8.3;
				MTL_ENABLE_DEBUG_INFO = NO;
				SDKROOT = iphoneos;
				VALIDATE_PRODUCT = YES;
			};
			name = Release;
		};
		DA12B1E81B737AD90069498F /* Debug */ = {
			isa = XCBuildConfiguration;
			buildSettings = {
				ASSETCATALOG_COMPILER_APPICON_NAME = AppIcon;
				INFOPLIST_FILE = YXIOSDataDemo/Info.plist;
				LD_RUNPATH_SEARCH_PATHS = "$(inherited) @executable_path/Frameworks";
				PRODUCT_NAME = "$(TARGET_NAME)";
			};
			name = Debug;
		};
		DA12B1E91B737AD90069498F /* Release */ = {
			isa = XCBuildConfiguration;
			buildSettings = {
				ASSETCATALOG_COMPILER_APPICON_NAME = AppIcon;
				INFOPLIST_FILE = YXIOSDataDemo/Info.plist;
				LD_RUNPATH_SEARCH_PATHS = "$(inherited) @executable_path/Frameworks";
				PRODUCT_NAME = "$(TARGET_NAME)";
			};
			name = Release;
		};
		DA12B1EB1B737AD90069498F /* Debug */ = {
			isa = XCBuildConfiguration;
			buildSettings = {
				BUNDLE_LOADER = "$(TEST_HOST)";
				FRAMEWORK_SEARCH_PATHS = (
					"$(SDKROOT)/Developer/Library/Frameworks",
					"$(inherited)",
				);
				GCC_PREPROCESSOR_DEFINITIONS = (
					"DEBUG=1",
					"$(inherited)",
				);
				INFOPLIST_FILE = YXIOSDataDemoTests/Info.plist;
				LD_RUNPATH_SEARCH_PATHS = "$(inherited) @executable_path/Frameworks @loader_path/Frameworks";
				PRODUCT_NAME = "$(TARGET_NAME)";
				TEST_HOST = "$(BUILT_PRODUCTS_DIR)/YXIOSDataDemo.app/YXIOSDataDemo";
			};
			name = Debug;
		};
		DA12B1EC1B737AD90069498F /* Release */ = {
			isa = XCBuildConfiguration;
			buildSettings = {
				BUNDLE_LOADER = "$(TEST_HOST)";
				FRAMEWORK_SEARCH_PATHS = (
					"$(SDKROOT)/Developer/Library/Frameworks",
					"$(inherited)",
				);
				INFOPLIST_FILE = YXIOSDataDemoTests/Info.plist;
				LD_RUNPATH_SEARCH_PATHS = "$(inherited) @executable_path/Frameworks @loader_path/Frameworks";
				PRODUCT_NAME = "$(TARGET_NAME)";
				TEST_HOST = "$(BUILT_PRODUCTS_DIR)/YXIOSDataDemo.app/YXIOSDataDemo";
			};
			name = Release;
		};
/* End XCBuildConfiguration section */

/* Begin XCConfigurationList section */
		DA12B1BF1B737AD80069498F /* Build configuration list for PBXProject "YXIOSDataDemo" */ = {
			isa = XCConfigurationList;
			buildConfigurations = (
				DA12B1E51B737AD90069498F /* Debug */,
				DA12B1E61B737AD90069498F /* Release */,
			);
			defaultConfigurationIsVisible = 0;
			defaultConfigurationName = Release;
		};
		DA12B1E71B737AD90069498F /* Build configuration list for PBXNativeTarget "YXIOSDataDemo" */ = {
			isa = XCConfigurationList;
			buildConfigurations = (
				DA12B1E81B737AD90069498F /* Debug */,
				DA12B1E91B737AD90069498F /* Release */,
			);
			defaultConfigurationIsVisible = 0;
		};
		DA12B1EA1B737AD90069498F /* Build configuration list for PBXNativeTarget "YXIOSDataDemoTests" */ = {
			isa = XCConfigurationList;
			buildConfigurations = (
				DA12B1EB1B737AD90069498F /* Debug */,
				DA12B1EC1B737AD90069498F /* Release */,
			);
			defaultConfigurationIsVisible = 0;
		};
/* End XCConfigurationList section */
	};
	rootObject = DA12B1BC1B737AD80069498F /* Project object */;
}
